
Microsoft Visual Studio Solution File, Format Version 12.00
# Visual Studio Version 17
VisualStudioVersion = 17.14.36623.8 d17.14
MinimumVisualStudioVersion = 10.0.40219.1
Project("{FAE04EC0-301F-11D3-BF4B-00C04F79EFBC}") = "Integration", "Integration.csproj", "{4EA33613-A01E-48B8-9B57-FF40D2F724AE}"
EndProject
Global
	GlobalSection(SolutionConfigurationPlatforms) = preSolution
		Debug|Any CPU = Debug|Any CPU
		Release|Any CPU = Release|Any CPU
	EndGlobalSection
	GlobalSection(ProjectConfigurationPlatforms) = postSolution
		{4EA33613-A01E-48B8-9B57-FF40D2F724AE}.Debug|Any CPU.ActiveCfg = Debug|Any CPU
		{4EA33613-A01E-48B8-9B57-FF40D2F724AE}.Debug|Any CPU.Build.0 = Debug|Any CPU
		{4EA33613-A01E-48B8-9B57-FF40D2F724AE}.Release|Any CPU.ActiveCfg = Release|Any CPU
		{4EA33613-A01E-48B8-9B57-FF40D2F724AE}.Release|Any CPU.Build.0 = Release|Any CPU
	EndGlobalSection
	GlobalSection(SolutionProperties) = preSolution
		HideSolutionNode = FALSE
	EndGlobalSection
	GlobalSection(ExtensibilityGlobals) = postSolution
		SolutionGuid = {3F4FFE43-14F1-414C-8469-F5D62B009ABA}
	EndGlobalSection
EndGlobal
